
Microsoft Visual Studio Solution File, Format Version 12.00
# Visual Studio Version 17
VisualStudioVersion = 17.6.33717.318
MinimumVisualStudioVersion = 10.0.40219.1
Project("{FAE04EC0-301F-11D3-BF4B-00C04F79EFBC}") = "WcfService1", "WcfService1.csproj", "{196BB0AE-A002-4503-8D78-74E8DDE35C70}"
	ProjectSection(ProjectDependencies) = postProject
		{2C8C31DB-FCF4-47BF-A451-16CAE54141E1} = {2C8C31DB-FCF4-47BF-A451-16CAE54141E1}
	EndProjectSection
EndProject
Project("{FAE04EC0-301F-11D3-BF4B-00C04F79EFBC}") = "WcfService2", "wcf2\WcfService2\WcfService2.csproj", "{2C8C31DB-FCF4-47BF-A451-16CAE54141E1}"
EndProject
Global
	GlobalSection(SolutionConfigurationPlatforms) = preSolution
		Debug|Any CPU = Debug|Any CPU
		Release|Any CPU = Release|Any CPU
	EndGlobalSection
	GlobalSection(ProjectConfigurationPlatforms) = postSolution
		{196BB0AE-A002-4503-8D78-74E8DDE35C70}.Debug|Any CPU.ActiveCfg = Debug|Any CPU
		{196BB0AE-A002-4503-8D78-74E8DDE35C70}.Debug|Any CPU.Build.0 = Debug|Any CPU
		{196BB0AE-A002-4503-8D78-74E8DDE35C70}.Release|Any CPU.ActiveCfg = Release|Any CPU
		{196BB0AE-A002-4503-8D78-74E8DDE35C70}.Release|Any CPU.Build.0 = Release|Any CPU
		{2C8C31DB-FCF4-47BF-A451-16CAE54141E1}.Debug|Any CPU.ActiveCfg = Debug|Any CPU
		{2C8C31DB-FCF4-47BF-A451-16CAE54141E1}.Debug|Any CPU.Build.0 = Debug|Any CPU
		{2C8C31DB-FCF4-47BF-A451-16CAE54141E1}.Release|Any CPU.ActiveCfg = Release|Any CPU
		{2C8C31DB-FCF4-47BF-A451-16CAE54141E1}.Release|Any CPU.Build.0 = Release|Any CPU
	EndGlobalSection
	GlobalSection(SolutionProperties) = preSolution
		HideSolutionNode = FALSE
	EndGlobalSection
	GlobalSection(ExtensibilityGlobals) = postSolution
		SolutionGuid = {46A044F0-A7A3-4B89-BEE7-D15A65FEFC7D}
	EndGlobalSection
EndGlobal
